
Microsoft Visual Studio Solution File, Format Version 12.00
# Visual Studio Version 16
VisualStudioVersion = 16.0.31729.503
MinimumVisualStudioVersion = 10.0.40219.1
Project("{FAE04EC0-301F-11D3-BF4B-00C04F79EFBC}") = "HashTable", "HashTable.csproj", "{DE659200-6EC4-4E25-AF2F-63E0C17FFDE3}"
EndProject
Global
	GlobalSection(SolutionConfigurationPlatforms) = preSolution
		Debug|Any CPU = Debug|Any CPU
		Release|Any CPU = Release|Any CPU
	EndGlobalSection
	GlobalSection(ProjectConfigurationPlatforms) = postSolution
		{DE659200-6EC4-4E25-AF2F-63E0C17FFDE3}.Debug|Any CPU.ActiveCfg = Debug|Any CPU
		{DE659200-6EC4-4E25-AF2F-63E0C17FFDE3}.Debug|Any CPU.Build.0 = Debug|Any CPU
		{DE659200-6EC4-4E25-AF2F-63E0C17FFDE3}.Release|Any CPU.ActiveCfg = Release|Any CPU
		{DE659200-6EC4-4E25-AF2F-63E0C17FFDE3}.Release|Any CPU.Build.0 = Release|Any CPU
	EndGlobalSection
	GlobalSection(SolutionProperties) = preSolution
		HideSolutionNode = FALSE
	EndGlobalSection
	GlobalSection(ExtensibilityGlobals) = postSolution
		SolutionGuid = {B3773A47-EAA2-4543-AB1C-FACC8727CF34}
	EndGlobalSection
EndGlobal
